// !$*UTF8*$!
{
	archiveVersion = 1;
	classes = {
	};
	objectVersion = 46;
	objects = {

/* Begin PBXBuildFile section */
		6109F1BB173E5A5800F4AB2C /* FasTOrderPriceView.xib in Resources */ = {isa = PBXBuildFile; fileRef = 6109F1BA173E5A5800F4AB2C /* FasTOrderPriceView.xib */; };
		61184942173D9498000EEE69 /* FasTOrderViewController.m in Sources */ = {isa = PBXBuildFile; fileRef = 61184941173D9498000EEE69 /* FasTOrderViewController.m */; };
		6174FA35173C64A10005371F /* FasTOrdersTableViewController.m in Sources */ = {isa = PBXBuildFile; fileRef = 6174FA34173C64A10005371F /* FasTOrdersTableViewController.m */; };
		6174FA3B173C6A660005371F /* FasTTicket.m in Sources */ = {isa = PBXBuildFile; fileRef = 6174FA3A173C6A660005371F /* FasTTicket.m */; };
		6174FA3E173C7AF00005371F /* FasTOrdersTableCell.m in Sources */ = {isa = PBXBuildFile; fileRef = 6174FA3D173C7AF00005371F /* FasTOrdersTableCell.m */; };
		6174FA40173D5EEA0005371F /* FasTOrdersTableCell.xib in Resources */ = {isa = PBXBuildFile; fileRef = 6174FA3F173D5EEA0005371F /* FasTOrdersTableCell.xib */; };
		6174FA43173D6D950005371F /* Localizable.strings in Resources */ = {isa = PBXBuildFile; fileRef = 6174FA45173D6D950005371F /* Localizable.strings */; };
		6175CBE11743D5BD0095B806 /* FasTBarcode3of9.m in Sources */ = {isa = PBXBuildFile; fileRef = 6175CBE01743D5BD0095B806 /* FasTBarcode3of9.m */; };
		6175CBE41743E5010095B806 /* FasTSettingsTableViewController.m in Sources */ = {isa = PBXBuildFile; fileRef = 6175CBE31743E5000095B806 /* FasTSettingsTableViewController.m */; };
		6175CBE71743E7C40095B806 /* FasTPrintersTableViewController.m in Sources */ = {isa = PBXBuildFile; fileRef = 6175CBE61743E7C40095B806 /* FasTPrintersTableViewController.m */; };
		6175CBEA174413AC0095B806 /* FasTConstants.m in Sources */ = {isa = PBXBuildFile; fileRef = 6175CBE9174413AC0095B806 /* FasTConstants.m */; };
		61E9D3C9173ACB87007A5F55 /* UIKit.framework in Frameworks */ = {isa = PBXBuildFile; fileRef = 61E9D3C8173ACB87007A5F55 /* UIKit.framework */; };
		61E9D3CB173ACB87007A5F55 /* Foundation.framework in Frameworks */ = {isa = PBXBuildFile; fileRef = 61E9D3CA173ACB87007A5F55 /* Foundation.framework */; };
		61E9D3CD173ACB87007A5F55 /* CoreGraphics.framework in Frameworks */ = {isa = PBXBuildFile; fileRef = 61E9D3CC173ACB87007A5F55 /* CoreGraphics.framework */; };
		61E9D3D5173ACB87007A5F55 /* main.m in Sources */ = {isa = PBXBuildFile; fileRef = 61E9D3D4173ACB87007A5F55 /* main.m */; };
		61E9D3D9173ACB87007A5F55 /* FasTAppDelegate.m in Sources */ = {isa = PBXBuildFile; fileRef = 61E9D3D8173ACB87007A5F55 /* FasTAppDelegate.m */; };
		61E9D738173AF8E9007A5F55 /* SocketIO.m in Sources */ = {isa = PBXBuildFile; fileRef = 61E9D3EC173AF8E7007A5F55 /* SocketIO.m */; settings = {COMPILER_FLAGS = "-fobjc-arc"; }; };
		61E9D739173AF8E9007A5F55 /* SocketIOJSONSerialization.m in Sources */ = {isa = PBXBuildFile; fileRef = 61E9D3EE173AF8E7007A5F55 /* SocketIOJSONSerialization.m */; settings = {COMPILER_FLAGS = "-fobjc-arc"; }; };
		61E9D73A173AF8E9007A5F55 /* SocketIOPacket.m in Sources */ = {isa = PBXBuildFile; fileRef = 61E9D3F0173AF8E7007A5F55 /* SocketIOPacket.m */; settings = {COMPILER_FLAGS = "-fobjc-arc"; }; };
		61E9D73B173AF8E9007A5F55 /* SocketIOTransportWebsocket.m in Sources */ = {isa = PBXBuildFile; fileRef = 61E9D3F3173AF8E7007A5F55 /* SocketIOTransportWebsocket.m */; settings = {COMPILER_FLAGS = "-fobjc-arc"; }; };
		61E9D73C173AF8E9007A5F55 /* SocketIOTransportXHR.m in Sources */ = {isa = PBXBuildFile; fileRef = 61E9D3F5173AF8E7007A5F55 /* SocketIOTransportXHR.m */; settings = {COMPILER_FLAGS = "-fobjc-arc"; }; };
		61E9D9A8173AF8EA007A5F55 /* base64.c in Sources */ = {isa = PBXBuildFile; fileRef = 61E9D6F9173AF8E9007A5F55 /* base64.c */; settings = {COMPILER_FLAGS = "-fobjc-arc"; }; };
		61E9D9A9173AF8EA007A5F55 /* NSData+SRB64Additions.m in Sources */ = {isa = PBXBuildFile; fileRef = 61E9D6FC173AF8E9007A5F55 /* NSData+SRB64Additions.m */; settings = {COMPILER_FLAGS = "-fobjc-arc"; }; };
		61E9D9AA173AF8EA007A5F55 /* SRWebSocket.m in Sources */ = {isa = PBXBuildFile; fileRef = 61E9D6FF173AF8E9007A5F55 /* SRWebSocket.m */; settings = {COMPILER_FLAGS = "-fobjc-arc"; }; };
		61E9D9E9173AF97E007A5F55 /* Security.framework in Frameworks */ = {isa = PBXBuildFile; fileRef = 61E9D9E8173AF97E007A5F55 /* Security.framework */; };
		61E9D9EB173AF985007A5F55 /* CFNetwork.framework in Frameworks */ = {isa = PBXBuildFile; fileRef = 61E9D9EA173AF985007A5F55 /* CFNetwork.framework */; };
		61E9D9ED173AF992007A5F55 /* libicucore.dylib in Frameworks */ = {isa = PBXBuildFile; fileRef = 61E9D9EC173AF992007A5F55 /* libicucore.dylib */; };
		61E9DA02173AF9C8007A5F55 /* FasTEvent.m in Sources */ = {isa = PBXBuildFile; fileRef = 61E9D9EF173AF9C8007A5F55 /* FasTEvent.m */; };
		61E9DA03173AF9C8007A5F55 /* FasTEventDate.m in Sources */ = {isa = PBXBuildFile; fileRef = 61E9D9F1173AF9C8007A5F55 /* FasTEventDate.m */; };
		61E9DA04173AF9C8007A5F55 /* FasTFormatter.m in Sources */ = {isa = PBXBuildFile; fileRef = 61E9D9F3173AF9C8007A5F55 /* FasTFormatter.m */; };
		61E9DA06173AF9C8007A5F55 /* FasTOrder.m in Sources */ = {isa = PBXBuildFile; fileRef = 61E9D9F7173AF9C8007A5F55 /* FasTOrder.m */; };
		61E9DA07173AF9C8007A5F55 /* FasTSeat.m in Sources */ = {isa = PBXBuildFile; fileRef = 61E9D9F9173AF9C8007A5F55 /* FasTSeat.m */; };
		61E9DA08173AF9C8007A5F55 /* FasTSeatingView.m in Sources */ = {isa = PBXBuildFile; fileRef = 61E9D9FB173AF9C8007A5F55 /* FasTSeatingView.m */; };
		61E9DA09173AF9C8007A5F55 /* FasTSeatView.m in Sources */ = {isa = PBXBuildFile; fileRef = 61E9D9FD173AF9C8007A5F55 /* FasTSeatView.m */; };
		61E9DA0A173AF9C8007A5F55 /* FasTTicketPrinter.m in Sources */ = {isa = PBXBuildFile; fileRef = 61E9D9FF173AF9C8007A5F55 /* FasTTicketPrinter.m */; };
		61E9DA0B173AF9C8007A5F55 /* FasTTicketType.m in Sources */ = {isa = PBXBuildFile; fileRef = 61E9DA01173AF9C8007A5F55 /* FasTTicketType.m */; };
		61E9DA13173B036B007A5F55 /* InfoPlist.strings in Resources */ = {isa = PBXBuildFile; fileRef = 61E9D3D1173ACB87007A5F55 /* InfoPlist.strings */; };
		61E9DA3E173C5E01007A5F55 /* FasTApi.m in Sources */ = {isa = PBXBuildFile; fileRef = 61E9DA3D173C5E01007A5F55 /* FasTApi.m */; };
		61E9DA57173C5E1A007A5F55 /* NSAlert+MKNetworkKitAdditions.m in Sources */ = {isa = PBXBuildFile; fileRef = 61E9DA42173C5E1A007A5F55 /* NSAlert+MKNetworkKitAdditions.m */; settings = {COMPILER_FLAGS = "-fobjc-arc"; }; };
		61E9DA58173C5E1A007A5F55 /* NSData+MKBase64.m in Sources */ = {isa = PBXBuildFile; fileRef = 61E9DA44173C5E1A007A5F55 /* NSData+MKBase64.m */; settings = {COMPILER_FLAGS = "-fobjc-arc"; }; };
		61E9DA59173C5E1A007A5F55 /* NSDate+RFC1123.m in Sources */ = {isa = PBXBuildFile; fileRef = 61E9DA46173C5E1A007A5F55 /* NSDate+RFC1123.m */; settings = {COMPILER_FLAGS = "-fobjc-arc"; }; };
		61E9DA5A173C5E1A007A5F55 /* NSDictionary+RequestEncoding.m in Sources */ = {isa = PBXBuildFile; fileRef = 61E9DA48173C5E1A007A5F55 /* NSDictionary+RequestEncoding.m */; settings = {COMPILER_FLAGS = "-fobjc-arc"; }; };
		61E9DA5B173C5E1A007A5F55 /* NSString+MKNetworkKitAdditions.m in Sources */ = {isa = PBXBuildFile; fileRef = 61E9DA4A173C5E1A007A5F55 /* NSString+MKNetworkKitAdditions.m */; settings = {COMPILER_FLAGS = "-fobjc-arc"; }; };
		61E9DA5C173C5E1A007A5F55 /* UIAlertView+MKNetworkKitAdditions.m in Sources */ = {isa = PBXBuildFile; fileRef = 61E9DA4C173C5E1A007A5F55 /* UIAlertView+MKNetworkKitAdditions.m */; settings = {COMPILER_FLAGS = "-fobjc-arc"; }; };
		61E9DA5D173C5E1A007A5F55 /* UIImageView+MKNetworkKitAdditions.m in Sources */ = {isa = PBXBuildFile; fileRef = 61E9DA4E173C5E1A007A5F55 /* UIImageView+MKNetworkKitAdditions.m */; settings = {COMPILER_FLAGS = "-fobjc-arc"; }; };
		61E9DA5E173C5E1A007A5F55 /* MKNetworkEngine.m in Sources */ = {isa = PBXBuildFile; fileRef = 61E9DA50173C5E1A007A5F55 /* MKNetworkEngine.m */; settings = {COMPILER_FLAGS = "-fobjc-arc"; }; };
		61E9DA5F173C5E1A007A5F55 /* MKNetworkOperation.m in Sources */ = {isa = PBXBuildFile; fileRef = 61E9DA53173C5E1A007A5F55 /* MKNetworkOperation.m */; settings = {COMPILER_FLAGS = "-fobjc-arc"; }; };
		61E9DA60173C5E1A007A5F55 /* Reachability.m in Sources */ = {isa = PBXBuildFile; fileRef = 61E9DA56173C5E1A007A5F55 /* Reachability.m */; settings = {COMPILER_FLAGS = "-fobjc-arc"; }; };
/* End PBXBuildFile section */

/* Begin PBXFileReference section */
		6109F1BA173E5A5800F4AB2C /* FasTOrderPriceView.xib */ = {isa = PBXFileReference; fileEncoding = 4; lastKnownFileType = file.xib; path = FasTOrderPriceView.xib; sourceTree = "<group>"; };
		61184940173D9498000EEE69 /* FasTOrderViewController.h */ = {isa = PBXFileReference; fileEncoding = 4; lastKnownFileType = sourcecode.c.h; path = FasTOrderViewController.h; sourceTree = "<group>"; };
		61184941173D9498000EEE69 /* FasTOrderViewController.m */ = {isa = PBXFileReference; fileEncoding = 4; lastKnownFileType = sourcecode.c.objc; path = FasTOrderViewController.m; sourceTree = "<group>"; };
		6174FA33173C64A10005371F /* FasTOrdersTableViewController.h */ = {isa = PBXFileReference; fileEncoding = 4; lastKnownFileType = sourcecode.c.h; path = FasTOrdersTableViewController.h; sourceTree = "<group>"; };
		6174FA34173C64A10005371F /* FasTOrdersTableViewController.m */ = {isa = PBXFileReference; fileEncoding = 4; lastKnownFileType = sourcecode.c.objc; path = FasTOrdersTableViewController.m; sourceTree = "<group>"; };
		6174FA39173C6A660005371F /* FasTTicket.h */ = {isa = PBXFileReference; fileEncoding = 4; lastKnownFileType = sourcecode.c.h; name = FasTTicket.h; path = "submodules/FasT-objc-common/FasTTicket.h"; sourceTree = SOURCE_ROOT; };
		6174FA3A173C6A660005371F /* FasTTicket.m */ = {isa = PBXFileReference; fileEncoding = 4; lastKnownFileType = sourcecode.c.objc; name = FasTTicket.m; path = "submodules/FasT-objc-common/FasTTicket.m"; sourceTree = SOURCE_ROOT; };
		6174FA3C173C7AF00005371F /* FasTOrdersTableCell.h */ = {isa = PBXFileReference; fileEncoding = 4; lastKnownFileType = sourcecode.c.h; path = FasTOrdersTableCell.h; sourceTree = "<group>"; };
		6174FA3D173C7AF00005371F /* FasTOrdersTableCell.m */ = {isa = PBXFileReference; fileEncoding = 4; lastKnownFileType = sourcecode.c.objc; path = FasTOrdersTableCell.m; sourceTree = "<group>"; };
		6174FA3F173D5EEA0005371F /* FasTOrdersTableCell.xib */ = {isa = PBXFileReference; fileEncoding = 4; lastKnownFileType = file.xib; path = FasTOrdersTableCell.xib; sourceTree = "<group>"; };
		6174FA44173D6D950005371F /* de */ = {isa = PBXFileReference; lastKnownFileType = text.plist.strings; name = de; path = de.lproj/Localizable.strings; sourceTree = "<group>"; };
		6175CBDF1743D5BD0095B806 /* FasTBarcode3of9.h */ = {isa = PBXFileReference; fileEncoding = 4; lastKnownFileType = sourcecode.c.h; path = FasTBarcode3of9.h; sourceTree = "<group>"; };
		6175CBE01743D5BD0095B806 /* FasTBarcode3of9.m */ = {isa = PBXFileReference; fileEncoding = 4; lastKnownFileType = sourcecode.c.objc; path = FasTBarcode3of9.m; sourceTree = "<group>"; };
		6175CBE21743E5000095B806 /* FasTSettingsTableViewController.h */ = {isa = PBXFileReference; fileEncoding = 4; lastKnownFileType = sourcecode.c.h; path = FasTSettingsTableViewController.h; sourceTree = "<group>"; };
		6175CBE31743E5000095B806 /* FasTSettingsTableViewController.m */ = {isa = PBXFileReference; fileEncoding = 4; lastKnownFileType = sourcecode.c.objc; path = FasTSettingsTableViewController.m; sourceTree = "<group>"; };
		6175CBE51743E7C40095B806 /* FasTPrintersTableViewController.h */ = {isa = PBXFileReference; fileEncoding = 4; lastKnownFileType = sourcecode.c.h; path = FasTPrintersTableViewController.h; sourceTree = "<group>"; };
		6175CBE61743E7C40095B806 /* FasTPrintersTableViewController.m */ = {isa = PBXFileReference; fileEncoding = 4; lastKnownFileType = sourcecode.c.objc; path = FasTPrintersTableViewController.m; sourceTree = "<group>"; };
		6175CBE8174413AC0095B806 /* FasTConstants.h */ = {isa = PBXFileReference; fileEncoding = 4; lastKnownFileType = sourcecode.c.h; path = FasTConstants.h; sourceTree = "<group>"; };
		6175CBE9174413AC0095B806 /* FasTConstants.m */ = {isa = PBXFileReference; fileEncoding = 4; lastKnownFileType = sourcecode.c.objc; path = FasTConstants.m; sourceTree = "<group>"; };
		61E9D3C5173ACB87007A5F55 /* FasT-retail-checkout.app */ = {isa = PBXFileReference; explicitFileType = wrapper.application; includeInIndex = 0; path = "FasT-retail-checkout.app"; sourceTree = BUILT_PRODUCTS_DIR; };
		61E9D3C8173ACB87007A5F55 /* UIKit.framework */ = {isa = PBXFileReference; lastKnownFileType = wrapper.framework; name = UIKit.framework; path = System/Library/Frameworks/UIKit.framework; sourceTree = SDKROOT; };
		61E9D3CA173ACB87007A5F55 /* Foundation.framework */ = {isa = PBXFileReference; lastKnownFileType = wrapper.framework; name = Foundation.framework; path = System/Library/Frameworks/Foundation.framework; sourceTree = SDKROOT; };
		61E9D3CC173ACB87007A5F55 /* CoreGraphics.framework */ = {isa = PBXFileReference; lastKnownFileType = wrapper.framework; name = CoreGraphics.framework; path = System/Library/Frameworks/CoreGraphics.framework; sourceTree = SDKROOT; };
		61E9D3D0173ACB87007A5F55 /* FasT-retail-checkout-Info.plist */ = {isa = PBXFileReference; lastKnownFileType = text.plist.xml; path = "FasT-retail-checkout-Info.plist"; sourceTree = "<group>"; };
		61E9D3D4173ACB87007A5F55 /* main.m */ = {isa = PBXFileReference; lastKnownFileType = sourcecode.c.objc; path = main.m; sourceTree = "<group>"; };
		61E9D3D6173ACB87007A5F55 /* FasT-retail-checkout-Prefix.pch */ = {isa = PBXFileReference; lastKnownFileType = sourcecode.c.h; path = "FasT-retail-checkout-Prefix.pch"; sourceTree = "<group>"; };
		61E9D3D7173ACB87007A5F55 /* FasTAppDelegate.h */ = {isa = PBXFileReference; lastKnownFileType = sourcecode.c.h; path = FasTAppDelegate.h; sourceTree = "<group>"; };
		61E9D3D8173ACB87007A5F55 /* FasTAppDelegate.m */ = {isa = PBXFileReference; lastKnownFileType = sourcecode.c.objc; path = FasTAppDelegate.m; sourceTree = "<group>"; };
		61E9D3E5173ACC27007A5F55 /* de */ = {isa = PBXFileReference; lastKnownFileType = text.plist.strings; name = de; path = de.lproj/InfoPlist.strings; sourceTree = "<group>"; };
		61E9D3EB173AF8E7007A5F55 /* SocketIO.h */ = {isa = PBXFileReference; fileEncoding = 4; lastKnownFileType = sourcecode.c.h; path = SocketIO.h; sourceTree = "<group>"; };
		61E9D3EC173AF8E7007A5F55 /* SocketIO.m */ = {isa = PBXFileReference; fileEncoding = 4; lastKnownFileType = sourcecode.c.objc; path = SocketIO.m; sourceTree = "<group>"; };
		61E9D3ED173AF8E7007A5F55 /* SocketIOJSONSerialization.h */ = {isa = PBXFileReference; fileEncoding = 4; lastKnownFileType = sourcecode.c.h; path = SocketIOJSONSerialization.h; sourceTree = "<group>"; };
		61E9D3EE173AF8E7007A5F55 /* SocketIOJSONSerialization.m */ = {isa = PBXFileReference; fileEncoding = 4; lastKnownFileType = sourcecode.c.objc; path = SocketIOJSONSerialization.m; sourceTree = "<group>"; };
		61E9D3EF173AF8E7007A5F55 /* SocketIOPacket.h */ = {isa = PBXFileReference; fileEncoding = 4; lastKnownFileType = sourcecode.c.h; path = SocketIOPacket.h; sourceTree = "<group>"; };
		61E9D3F0173AF8E7007A5F55 /* SocketIOPacket.m */ = {isa = PBXFileReference; fileEncoding = 4; lastKnownFileType = sourcecode.c.objc; path = SocketIOPacket.m; sourceTree = "<group>"; };
		61E9D3F1173AF8E7007A5F55 /* SocketIOTransport.h */ = {isa = PBXFileReference; fileEncoding = 4; lastKnownFileType = sourcecode.c.h; path = SocketIOTransport.h; sourceTree = "<group>"; };
		61E9D3F2173AF8E7007A5F55 /* SocketIOTransportWebsocket.h */ = {isa = PBXFileReference; fileEncoding = 4; lastKnownFileType = sourcecode.c.h; path = SocketIOTransportWebsocket.h; sourceTree = "<group>"; };
		61E9D3F3173AF8E7007A5F55 /* SocketIOTransportWebsocket.m */ = {isa = PBXFileReference; fileEncoding = 4; lastKnownFileType = sourcecode.c.objc; path = SocketIOTransportWebsocket.m; sourceTree = "<group>"; };
		61E9D3F4173AF8E7007A5F55 /* SocketIOTransportXHR.h */ = {isa = PBXFileReference; fileEncoding = 4; lastKnownFileType = sourcecode.c.h; path = SocketIOTransportXHR.h; sourceTree = "<group>"; };
		61E9D3F5173AF8E7007A5F55 /* SocketIOTransportXHR.m */ = {isa = PBXFileReference; fileEncoding = 4; lastKnownFileType = sourcecode.c.objc; path = SocketIOTransportXHR.m; sourceTree = "<group>"; };
		61E9D6F9173AF8E9007A5F55 /* base64.c */ = {isa = PBXFileReference; fileEncoding = 4; lastKnownFileType = sourcecode.c.c; path = base64.c; sourceTree = "<group>"; };
		61E9D6FA173AF8E9007A5F55 /* base64.h */ = {isa = PBXFileReference; fileEncoding = 4; lastKnownFileType = sourcecode.c.h; path = base64.h; sourceTree = "<group>"; };
		61E9D6FB173AF8E9007A5F55 /* NSData+SRB64Additions.h */ = {isa = PBXFileReference; fileEncoding = 4; lastKnownFileType = sourcecode.c.h; path = "NSData+SRB64Additions.h"; sourceTree = "<group>"; };
		61E9D6FC173AF8E9007A5F55 /* NSData+SRB64Additions.m */ = {isa = PBXFileReference; fileEncoding = 4; lastKnownFileType = sourcecode.c.objc; path = "NSData+SRB64Additions.m"; sourceTree = "<group>"; };
		61E9D6FD173AF8E9007A5F55 /* SocketRocket-Prefix.pch */ = {isa = PBXFileReference; fileEncoding = 4; lastKnownFileType = sourcecode.c.h; path = "SocketRocket-Prefix.pch"; sourceTree = "<group>"; };
		61E9D6FE173AF8E9007A5F55 /* SRWebSocket.h */ = {isa = PBXFileReference; fileEncoding = 4; lastKnownFileType = sourcecode.c.h; path = SRWebSocket.h; sourceTree = "<group>"; };
		61E9D6FF173AF8E9007A5F55 /* SRWebSocket.m */ = {isa = PBXFileReference; fileEncoding = 4; lastKnownFileType = sourcecode.c.objc; path = SRWebSocket.m; sourceTree = "<group>"; };
		61E9D9E8173AF97E007A5F55 /* Security.framework */ = {isa = PBXFileReference; lastKnownFileType = wrapper.framework; name = Security.framework; path = System/Library/Frameworks/Security.framework; sourceTree = SDKROOT; };
		61E9D9EA173AF985007A5F55 /* CFNetwork.framework */ = {isa = PBXFileReference; lastKnownFileType = wrapper.framework; name = CFNetwork.framework; path = System/Library/Frameworks/CFNetwork.framework; sourceTree = SDKROOT; };
		61E9D9EC173AF992007A5F55 /* libicucore.dylib */ = {isa = PBXFileReference; lastKnownFileType = "compiled.mach-o.dylib"; name = libicucore.dylib; path = usr/lib/libicucore.dylib; sourceTree = SDKROOT; };
		61E9D9EE173AF9C8007A5F55 /* FasTEvent.h */ = {isa = PBXFileReference; fileEncoding = 4; lastKnownFileType = sourcecode.c.h; name = FasTEvent.h; path = "submodules/FasT-objc-common/FasTEvent.h"; sourceTree = SOURCE_ROOT; };
		61E9D9EF173AF9C8007A5F55 /* FasTEvent.m */ = {isa = PBXFileReference; fileEncoding = 4; lastKnownFileType = sourcecode.c.objc; path = FasTEvent.m; sourceTree = "<group>"; };
		61E9D9F0173AF9C8007A5F55 /* FasTEventDate.h */ = {isa = PBXFileReference; fileEncoding = 4; lastKnownFileType = sourcecode.c.h; name = FasTEventDate.h; path = "submodules/FasT-objc-common/FasTEventDate.h"; sourceTree = SOURCE_ROOT; };
		61E9D9F1173AF9C8007A5F55 /* FasTEventDate.m */ = {isa = PBXFileReference; fileEncoding = 4; lastKnownFileType = sourcecode.c.objc; name = FasTEventDate.m; path = "submodules/FasT-objc-common/FasTEventDate.m"; sourceTree = SOURCE_ROOT; };
		61E9D9F2173AF9C8007A5F55 /* FasTFormatter.h */ = {isa = PBXFileReference; fileEncoding = 4; lastKnownFileType = sourcecode.c.h; name = FasTFormatter.h; path = "submodules/FasT-objc-common/FasTFormatter.h"; sourceTree = SOURCE_ROOT; };
		61E9D9F3173AF9C8007A5F55 /* FasTFormatter.m */ = {isa = PBXFileReference; fileEncoding = 4; lastKnownFileType = sourcecode.c.objc; path = FasTFormatter.m; sourceTree = "<group>"; };
		61E9D9F6173AF9C8007A5F55 /* FasTOrder.h */ = {isa = PBXFileReference; fileEncoding = 4; lastKnownFileType = sourcecode.c.h; name = FasTOrder.h; path = "submodules/FasT-objc-common/FasTOrder.h"; sourceTree = SOURCE_ROOT; };
		61E9D9F7173AF9C8007A5F55 /* FasTOrder.m */ = {isa = PBXFileReference; fileEncoding = 4; lastKnownFileType = sourcecode.c.objc; name = FasTOrder.m; path = "submodules/FasT-objc-common/FasTOrder.m"; sourceTree = SOURCE_ROOT; };
		61E9D9F8173AF9C8007A5F55 /* FasTSeat.h */ = {isa = PBXFileReference; fileEncoding = 4; lastKnownFileType = sourcecode.c.h; name = FasTSeat.h; path = "submodules/FasT-objc-common/FasTSeat.h"; sourceTree = SOURCE_ROOT; };
		61E9D9F9173AF9C8007A5F55 /* FasTSeat.m */ = {isa = PBXFileReference; fileEncoding = 4; lastKnownFileType = sourcecode.c.objc; name = FasTSeat.m; path = "submodules/FasT-objc-common/FasTSeat.m"; sourceTree = SOURCE_ROOT; };
		61E9D9FA173AF9C8007A5F55 /* FasTSeatingView.h */ = {isa = PBXFileReference; fileEncoding = 4; lastKnownFileType = sourcecode.c.h; name = FasTSeatingView.h; path = "submodules/FasT-objc-common/FasTSeatingView.h"; sourceTree = SOURCE_ROOT; };
		61E9D9FB173AF9C8007A5F55 /* FasTSeatingView.m */ = {isa = PBXFileReference; fileEncoding = 4; lastKnownFileType = sourcecode.c.objc; name = FasTSeatingView.m; path = "submodules/FasT-objc-common/FasTSeatingView.m"; sourceTree = SOURCE_ROOT; };
		61E9D9FC173AF9C8007A5F55 /* FasTSeatView.h */ = {isa = PBXFileReference; fileEncoding = 4; lastKnownFileType = sourcecode.c.h; name = FasTSeatView.h; path = "submodules/FasT-objc-common/FasTSeatView.h"; sourceTree = SOURCE_ROOT; };
		61E9D9FD173AF9C8007A5F55 /* FasTSeatView.m */ = {isa = PBXFileReference; fileEncoding = 4; lastKnownFileType = sourcecode.c.objc; name = FasTSeatView.m; path = "submodules/FasT-objc-common/FasTSeatView.m"; sourceTree = SOURCE_ROOT; };
		61E9D9FE173AF9C8007A5F55 /* FasTTicketPrinter.h */ = {isa = PBXFileReference; fileEncoding = 4; lastKnownFileType = sourcecode.c.h; name = FasTTicketPrinter.h; path = "submodules/FasT-objc-common/FasTTicketPrinter.h"; sourceTree = SOURCE_ROOT; };
		61E9D9FF173AF9C8007A5F55 /* FasTTicketPrinter.m */ = {isa = PBXFileReference; fileEncoding = 4; lastKnownFileType = sourcecode.c.objc; name = FasTTicketPrinter.m; path = "submodules/FasT-objc-common/FasTTicketPrinter.m"; sourceTree = SOURCE_ROOT; };
		61E9DA00173AF9C8007A5F55 /* FasTTicketType.h */ = {isa = PBXFileReference; fileEncoding = 4; lastKnownFileType = sourcecode.c.h; name = FasTTicketType.h; path = "submodules/FasT-objc-common/FasTTicketType.h"; sourceTree = SOURCE_ROOT; };
		61E9DA01173AF9C8007A5F55 /* FasTTicketType.m */ = {isa = PBXFileReference; fileEncoding = 4; lastKnownFileType = sourcecode.c.objc; name = FasTTicketType.m; path = "submodules/FasT-objc-common/FasTTicketType.m"; sourceTree = SOURCE_ROOT; };
		61E9DA0E173AFA54007A5F55 /* PKJob.h */ = {isa = PBXFileReference; fileEncoding = 4; lastKnownFileType = sourcecode.c.h; path = PKJob.h; sourceTree = "<group>"; };
		61E9DA0F173AFA54007A5F55 /* PKPaper.h */ = {isa = PBXFileReference; fileEncoding = 4; lastKnownFileType = sourcecode.c.h; path = PKPaper.h; sourceTree = "<group>"; };
		61E9DA10173AFA54007A5F55 /* PKPrinter.h */ = {isa = PBXFileReference; fileEncoding = 4; lastKnownFileType = sourcecode.c.h; path = PKPrinter.h; sourceTree = "<group>"; };
		61E9DA11173AFA54007A5F55 /* PKPrinterBrowser.h */ = {isa = PBXFileReference; fileEncoding = 4; lastKnownFileType = sourcecode.c.h; path = PKPrinterBrowser.h; sourceTree = "<group>"; };
		61E9DA12173AFA54007A5F55 /* PKPrintSettings.h */ = {isa = PBXFileReference; fileEncoding = 4; lastKnownFileType = sourcecode.c.h; path = PKPrintSettings.h; sourceTree = "<group>"; };
		61E9DA3C173C5E01007A5F55 /* FasTApi.h */ = {isa = PBXFileReference; fileEncoding = 4; lastKnownFileType = sourcecode.c.h; name = FasTApi.h; path = "submodules/FasT-objc-common/FasTApi.h"; sourceTree = SOURCE_ROOT; };
		61E9DA3D173C5E01007A5F55 /* FasTApi.m */ = {isa = PBXFileReference; fileEncoding = 4; lastKnownFileType = sourcecode.c.objc; path = FasTApi.m; sourceTree = "<group>"; };
		61E9DA41173C5E1A007A5F55 /* NSAlert+MKNetworkKitAdditions.h */ = {isa = PBXFileReference; fileEncoding = 4; lastKnownFileType = sourcecode.c.h; path = "NSAlert+MKNetworkKitAdditions.h"; sourceTree = "<group>"; };
		61E9DA42173C5E1A007A5F55 /* NSAlert+MKNetworkKitAdditions.m */ = {isa = PBXFileReference; fileEncoding = 4; lastKnownFileType = sourcecode.c.objc; path = "NSAlert+MKNetworkKitAdditions.m"; sourceTree = "<group>"; };
		61E9DA43173C5E1A007A5F55 /* NSData+MKBase64.h */ = {isa = PBXFileReference; fileEncoding = 4; lastKnownFileType = sourcecode.c.h; path = "NSData+MKBase64.h"; sourceTree = "<group>"; };
		61E9DA44173C5E1A007A5F55 /* NSData+MKBase64.m */ = {isa = PBXFileReference; fileEncoding = 4; lastKnownFileType = sourcecode.c.objc; path = "NSData+MKBase64.m"; sourceTree = "<group>"; };
		61E9DA45173C5E1A007A5F55 /* NSDate+RFC1123.h */ = {isa = PBXFileReference; fileEncoding = 4; lastKnownFileType = sourcecode.c.h; path = "NSDate+RFC1123.h"; sourceTree = "<group>"; };
		61E9DA46173C5E1A007A5F55 /* NSDate+RFC1123.m */ = {isa = PBXFileReference; fileEncoding = 4; lastKnownFileType = sourcecode.c.objc; path = "NSDate+RFC1123.m"; sourceTree = "<group>"; };
		61E9DA47173C5E1A007A5F55 /* NSDictionary+RequestEncoding.h */ = {isa = PBXFileReference; fileEncoding = 4; lastKnownFileType = sourcecode.c.h; path = "NSDictionary+RequestEncoding.h"; sourceTree = "<group>"; };
		61E9DA48173C5E1A007A5F55 /* NSDictionary+RequestEncoding.m */ = {isa = PBXFileReference; fileEncoding = 4; lastKnownFileType = sourcecode.c.objc; path = "NSDictionary+RequestEncoding.m"; sourceTree = "<group>"; };
		61E9DA49173C5E1A007A5F55 /* NSString+MKNetworkKitAdditions.h */ = {isa = PBXFileReference; fileEncoding = 4; lastKnownFileType = sourcecode.c.h; path = "NSString+MKNetworkKitAdditions.h"; sourceTree = "<group>"; };
		61E9DA4A173C5E1A007A5F55 /* NSString+MKNetworkKitAdditions.m */ = {isa = PBXFileReference; fileEncoding = 4; lastKnownFileType = sourcecode.c.objc; path = "NSString+MKNetworkKitAdditions.m"; sourceTree = "<group>"; };
		61E9DA4B173C5E1A007A5F55 /* UIAlertView+MKNetworkKitAdditions.h */ = {isa = PBXFileReference; fileEncoding = 4; lastKnownFileType = sourcecode.c.h; path = "UIAlertView+MKNetworkKitAdditions.h"; sourceTree = "<group>"; };
		61E9DA4C173C5E1A007A5F55 /* UIAlertView+MKNetworkKitAdditions.m */ = {isa = PBXFileReference; fileEncoding = 4; lastKnownFileType = sourcecode.c.objc; path = "UIAlertView+MKNetworkKitAdditions.m"; sourceTree = "<group>"; };
		61E9DA4D173C5E1A007A5F55 /* UIImageView+MKNetworkKitAdditions.h */ = {isa = PBXFileReference; fileEncoding = 4; lastKnownFileType = sourcecode.c.h; path = "UIImageView+MKNetworkKitAdditions.h"; sourceTree = "<group>"; };
		61E9DA4E173C5E1A007A5F55 /* UIImageView+MKNetworkKitAdditions.m */ = {isa = PBXFileReference; fileEncoding = 4; lastKnownFileType = sourcecode.c.objc; path = "UIImageView+MKNetworkKitAdditions.m"; sourceTree = "<group>"; };
		61E9DA4F173C5E1A007A5F55 /* MKNetworkEngine.h */ = {isa = PBXFileReference; fileEncoding = 4; lastKnownFileType = sourcecode.c.h; path = MKNetworkEngine.h; sourceTree = "<group>"; };
		61E9DA50173C5E1A007A5F55 /* MKNetworkEngine.m */ = {isa = PBXFileReference; fileEncoding = 4; lastKnownFileType = sourcecode.c.objc; path = MKNetworkEngine.m; sourceTree = "<group>"; };
		61E9DA51173C5E1A007A5F55 /* MKNetworkKit.h */ = {isa = PBXFileReference; fileEncoding = 4; lastKnownFileType = sourcecode.c.h; path = MKNetworkKit.h; sourceTree = "<group>"; };
		61E9DA52173C5E1A007A5F55 /* MKNetworkOperation.h */ = {isa = PBXFileReference; fileEncoding = 4; lastKnownFileType = sourcecode.c.h; path = MKNetworkOperation.h; sourceTree = "<group>"; };
		61E9DA53173C5E1A007A5F55 /* MKNetworkOperation.m */ = {isa = PBXFileReference; fileEncoding = 4; lastKnownFileType = sourcecode.c.objc; path = MKNetworkOperation.m; sourceTree = "<group>"; };
		61E9DA55173C5E1A007A5F55 /* Reachability.h */ = {isa = PBXFileReference; fileEncoding = 4; lastKnownFileType = sourcecode.c.h; path = Reachability.h; sourceTree = "<group>"; };
		61E9DA56173C5E1A007A5F55 /* Reachability.m */ = {isa = PBXFileReference; fileEncoding = 4; lastKnownFileType = sourcecode.c.objc; path = Reachability.m; sourceTree = "<group>"; };
/* End PBXFileReference section */

/* Begin PBXFrameworksBuildPhase section */
		61E9D3C2173ACB87007A5F55 /* Frameworks */ = {
			isa = PBXFrameworksBuildPhase;
			buildActionMask = 2147483647;
			files = (
				61E9D9ED173AF992007A5F55 /* libicucore.dylib in Frameworks */,
				61E9D9EB173AF985007A5F55 /* CFNetwork.framework in Frameworks */,
				61E9D9E9173AF97E007A5F55 /* Security.framework in Frameworks */,
				61E9D3C9173ACB87007A5F55 /* UIKit.framework in Frameworks */,
				61E9D3CB173ACB87007A5F55 /* Foundation.framework in Frameworks */,
				61E9D3CD173ACB87007A5F55 /* CoreGraphics.framework in Frameworks */,
			);
			runOnlyForDeploymentPostprocessing = 0;
		};
/* End PBXFrameworksBuildPhase section */

/* Begin PBXGroup section */
		61E9D3BC173ACB87007A5F55 = {
			isa = PBXGroup;
			children = (
				61E9D3CE173ACB87007A5F55 /* FasT-retail-checkout */,
				61E9D3C7173ACB87007A5F55 /* Frameworks */,
				61E9D3C6173ACB87007A5F55 /* Products */,
			);
			sourceTree = "<group>";
		};
		61E9D3C6173ACB87007A5F55 /* Products */ = {
			isa = PBXGroup;
			children = (
				61E9D3C5173ACB87007A5F55 /* FasT-retail-checkout.app */,
			);
			name = Products;
			sourceTree = "<group>";
		};
		61E9D3C7173ACB87007A5F55 /* Frameworks */ = {
			isa = PBXGroup;
			children = (
				61E9DA3F173C5E1A007A5F55 /* MKNetworkKit */,
				61E9D3E6173AF8E7007A5F55 /* socket.IO */,
				61E9DA0D173AFA54007A5F55 /* PrintKit */,
				61E9D9E8173AF97E007A5F55 /* Security.framework */,
				61E9D9EA173AF985007A5F55 /* CFNetwork.framework */,
				61E9D9EC173AF992007A5F55 /* libicucore.dylib */,
				61E9D3C8173ACB87007A5F55 /* UIKit.framework */,
				61E9D3CA173ACB87007A5F55 /* Foundation.framework */,
				61E9D3CC173ACB87007A5F55 /* CoreGraphics.framework */,
			);
			name = Frameworks;
			sourceTree = "<group>";
		};
		61E9D3CE173ACB87007A5F55 /* FasT-retail-checkout */ = {
			isa = PBXGroup;
			children = (
				61E9D3D7173ACB87007A5F55 /* FasTAppDelegate.h */,
				61E9D3D8173ACB87007A5F55 /* FasTAppDelegate.m */,
				6175CBE8174413AC0095B806 /* FasTConstants.h */,
				6175CBE9174413AC0095B806 /* FasTConstants.m */,
				61E9D3CF173ACB87007A5F55 /* Supporting Files */,
				61E9DA0C173AF9D5007A5F55 /* FasT-objc-common */,
				6174FA33173C64A10005371F /* FasTOrdersTableViewController.h */,
				6174FA34173C64A10005371F /* FasTOrdersTableViewController.m */,
				6174FA3C173C7AF00005371F /* FasTOrdersTableCell.h */,
				6174FA3D173C7AF00005371F /* FasTOrdersTableCell.m */,
				6174FA3F173D5EEA0005371F /* FasTOrdersTableCell.xib */,
				61184940173D9498000EEE69 /* FasTOrderViewController.h */,
				61184941173D9498000EEE69 /* FasTOrderViewController.m */,
				6109F1BA173E5A5800F4AB2C /* FasTOrderPriceView.xib */,
				6175CBE21743E5000095B806 /* FasTSettingsTableViewController.h */,
				6175CBE31743E5000095B806 /* FasTSettingsTableViewController.m */,
			);
			path = "FasT-retail-checkout";
			sourceTree = "<group>";
		};
		61E9D3CF173ACB87007A5F55 /* Supporting Files */ = {
			isa = PBXGroup;
			children = (
				61E9D3D0173ACB87007A5F55 /* FasT-retail-checkout-Info.plist */,
				61E9D3D1173ACB87007A5F55 /* InfoPlist.strings */,
				61E9D3D4173ACB87007A5F55 /* main.m */,
				61E9D3D6173ACB87007A5F55 /* FasT-retail-checkout-Prefix.pch */,
				6174FA45173D6D950005371F /* Localizable.strings */,
			);
			name = "Supporting Files";
			path = "../FasT-retail-checkout";
			sourceTree = "<group>";
		};
		61E9D3E6173AF8E7007A5F55 /* socket.IO */ = {
			isa = PBXGroup;
			children = (
				61E9D3EB173AF8E7007A5F55 /* SocketIO.h */,
				61E9D3EC173AF8E7007A5F55 /* SocketIO.m */,
				61E9D3ED173AF8E7007A5F55 /* SocketIOJSONSerialization.h */,
				61E9D3EE173AF8E7007A5F55 /* SocketIOJSONSerialization.m */,
				61E9D3EF173AF8E7007A5F55 /* SocketIOPacket.h */,
				61E9D3F0173AF8E7007A5F55 /* SocketIOPacket.m */,
				61E9D3F1173AF8E7007A5F55 /* SocketIOTransport.h */,
				61E9D3F2173AF8E7007A5F55 /* SocketIOTransportWebsocket.h */,
				61E9D3F3173AF8E7007A5F55 /* SocketIOTransportWebsocket.m */,
				61E9D3F4173AF8E7007A5F55 /* SocketIOTransportXHR.h */,
				61E9D3F5173AF8E7007A5F55 /* SocketIOTransportXHR.m */,
				61E9D6F8173AF8E9007A5F55 /* SocketRocket */,
			);
			name = socket.IO;
			path = "submodules/FasT-objc-common/submodules/socket.IO";
			sourceTree = "<group>";
		};
		61E9D6F8173AF8E9007A5F55 /* SocketRocket */ = {
			isa = PBXGroup;
			children = (
				61E9D6F9173AF8E9007A5F55 /* base64.c */,
				61E9D6FA173AF8E9007A5F55 /* base64.h */,
				61E9D6FB173AF8E9007A5F55 /* NSData+SRB64Additions.h */,
				61E9D6FC173AF8E9007A5F55 /* NSData+SRB64Additions.m */,
				61E9D6FD173AF8E9007A5F55 /* SocketRocket-Prefix.pch */,
				61E9D6FE173AF8E9007A5F55 /* SRWebSocket.h */,
				61E9D6FF173AF8E9007A5F55 /* SRWebSocket.m */,
			);
			name = SocketRocket;
			path = "submodules/socket-rocket/SocketRocket";
			sourceTree = "<group>";
		};
		61E9DA0C173AF9D5007A5F55 /* FasT-objc-common */ = {
			isa = PBXGroup;
			children = (
				61E9DA3C173C5E01007A5F55 /* FasTApi.h */,
				61E9DA3D173C5E01007A5F55 /* FasTApi.m */,
				61E9D9EE173AF9C8007A5F55 /* FasTEvent.h */,
				61E9D9EF173AF9C8007A5F55 /* FasTEvent.m */,
				61E9D9F0173AF9C8007A5F55 /* FasTEventDate.h */,
				61E9D9F1173AF9C8007A5F55 /* FasTEventDate.m */,
				61E9D9F8173AF9C8007A5F55 /* FasTSeat.h */,
				61E9D9F9173AF9C8007A5F55 /* FasTSeat.m */,
				61E9D9FA173AF9C8007A5F55 /* FasTSeatingView.h */,
				61E9D9FB173AF9C8007A5F55 /* FasTSeatingView.m */,
				61E9D9FC173AF9C8007A5F55 /* FasTSeatView.h */,
				61E9D9FD173AF9C8007A5F55 /* FasTSeatView.m */,
				61E9D9F6173AF9C8007A5F55 /* FasTOrder.h */,
				61E9D9F7173AF9C8007A5F55 /* FasTOrder.m */,
				6174FA39173C6A660005371F /* FasTTicket.h */,
				6174FA3A173C6A660005371F /* FasTTicket.m */,
				61E9DA00173AF9C8007A5F55 /* FasTTicketType.h */,
				61E9DA01173AF9C8007A5F55 /* FasTTicketType.m */,
				61E9D9FE173AF9C8007A5F55 /* FasTTicketPrinter.h */,
				61E9D9FF173AF9C8007A5F55 /* FasTTicketPrinter.m */,
				6175CBDF1743D5BD0095B806 /* FasTBarcode3of9.h */,
				6175CBE01743D5BD0095B806 /* FasTBarcode3of9.m */,
				61E9D9F2173AF9C8007A5F55 /* FasTFormatter.h */,
				61E9D9F3173AF9C8007A5F55 /* FasTFormatter.m */,
				6175CBE51743E7C40095B806 /* FasTPrintersTableViewController.h */,
				6175CBE61743E7C40095B806 /* FasTPrintersTableViewController.m */,
			);
			name = "FasT-objc-common";
			path = "../submodules/FasT-objc-common";
			sourceTree = "<group>";
		};
		61E9DA0D173AFA54007A5F55 /* PrintKit */ = {
			isa = PBXGroup;
			children = (
				61E9DA0E173AFA54007A5F55 /* PKJob.h */,
				61E9DA0F173AFA54007A5F55 /* PKPaper.h */,
				61E9DA10173AFA54007A5F55 /* PKPrinter.h */,
				61E9DA11173AFA54007A5F55 /* PKPrinterBrowser.h */,
				61E9DA12173AFA54007A5F55 /* PKPrintSettings.h */,
			);
			path = PrintKit;
			sourceTree = "<group>";
		};
		61E9DA3F173C5E1A007A5F55 /* MKNetworkKit */ = {
			isa = PBXGroup;
			children = (
				61E9DA40173C5E1A007A5F55 /* Categories */,
				61E9DA4F173C5E1A007A5F55 /* MKNetworkEngine.h */,
				61E9DA50173C5E1A007A5F55 /* MKNetworkEngine.m */,
				61E9DA51173C5E1A007A5F55 /* MKNetworkKit.h */,
				61E9DA52173C5E1A007A5F55 /* MKNetworkOperation.h */,
				61E9DA53173C5E1A007A5F55 /* MKNetworkOperation.m */,
				61E9DA54173C5E1A007A5F55 /* Reachability */,
			);
			name = MKNetworkKit;
			path = "submodules/FasT-objc-common/submodules/MKNetworkKit/MKNetworkKit";
			sourceTree = "<group>";
		};
		61E9DA40173C5E1A007A5F55 /* Categories */ = {
			isa = PBXGroup;
			children = (
				61E9DA41173C5E1A007A5F55 /* NSAlert+MKNetworkKitAdditions.h */,
				61E9DA42173C5E1A007A5F55 /* NSAlert+MKNetworkKitAdditions.m */,
				61E9DA43173C5E1A007A5F55 /* NSData+MKBase64.h */,
				61E9DA44173C5E1A007A5F55 /* NSData+MKBase64.m */,
				61E9DA45173C5E1A007A5F55 /* NSDate+RFC1123.h */,
				61E9DA46173C5E1A007A5F55 /* NSDate+RFC1123.m */,
				61E9DA47173C5E1A007A5F55 /* NSDictionary+RequestEncoding.h */,
				61E9DA48173C5E1A007A5F55 /* NSDictionary+RequestEncoding.m */,
				61E9DA49173C5E1A007A5F55 /* NSString+MKNetworkKitAdditions.h */,
				61E9DA4A173C5E1A007A5F55 /* NSString+MKNetworkKitAdditions.m */,
				61E9DA4B173C5E1A007A5F55 /* UIAlertView+MKNetworkKitAdditions.h */,
				61E9DA4C173C5E1A007A5F55 /* UIAlertView+MKNetworkKitAdditions.m */,
				61E9DA4D173C5E1A007A5F55 /* UIImageView+MKNetworkKitAdditions.h */,
				61E9DA4E173C5E1A007A5F55 /* UIImageView+MKNetworkKitAdditions.m */,
			);
			path = Categories;
			sourceTree = "<group>";
		};
		61E9DA54173C5E1A007A5F55 /* Reachability */ = {
			isa = PBXGroup;
			children = (
				61E9DA55173C5E1A007A5F55 /* Reachability.h */,
				61E9DA56173C5E1A007A5F55 /* Reachability.m */,
			);
			path = Reachability;
			sourceTree = "<group>";
		};
/* End PBXGroup section */

/* Begin PBXNativeTarget section */
		61E9D3C4173ACB87007A5F55 /* FasT-retail-checkout */ = {
			isa = PBXNativeTarget;
			buildConfigurationList = 61E9D3E2173ACB87007A5F55 /* Build configuration list for PBXNativeTarget "FasT-retail-checkout" */;
			buildPhases = (
				61E9D3C1173ACB87007A5F55 /* Sources */,
				61E9D3C2173ACB87007A5F55 /* Frameworks */,
				61E9D3C3173ACB87007A5F55 /* Resources */,
			);
			buildRules = (
			);
			dependencies = (
			);
			name = "FasT-retail-checkout";
			productName = "FasT-retail-manager";
			productReference = 61E9D3C5173ACB87007A5F55 /* FasT-retail-checkout.app */;
			productType = "com.apple.product-type.application";
		};
/* End PBXNativeTarget section */

/* Begin PBXProject section */
		61E9D3BD173ACB87007A5F55 /* Project object */ = {
			isa = PBXProject;
			attributes = {
				CLASSPREFIX = FasT;
				LastUpgradeCheck = 0460;
				ORGANIZATIONNAME = Albisigns;
			};
			buildConfigurationList = 61E9D3C0173ACB87007A5F55 /* Build configuration list for PBXProject "FasT-retail-checkout" */;
			compatibilityVersion = "Xcode 3.2";
			developmentRegion = English;
			hasScannedForEncodings = 0;
			knownRegions = (
				en,
				de,
			);
			mainGroup = 61E9D3BC173ACB87007A5F55;
			productRefGroup = 61E9D3C6173ACB87007A5F55 /* Products */;
			projectDirPath = "";
			projectRoot = "";
			targets = (
				61E9D3C4173ACB87007A5F55 /* FasT-retail-checkout */,
			);
		};
/* End PBXProject section */

/* Begin PBXResourcesBuildPhase section */
		61E9D3C3173ACB87007A5F55 /* Resources */ = {
			isa = PBXResourcesBuildPhase;
			buildActionMask = 2147483647;
			files = (
				61E9DA13173B036B007A5F55 /* InfoPlist.strings in Resources */,
				6174FA40173D5EEA0005371F /* FasTOrdersTableCell.xib in Resources */,
				6174FA43173D6D950005371F /* Localizable.strings in Resources */,
				6109F1BB173E5A5800F4AB2C /* FasTOrderPriceView.xib in Resources */,
			);
			runOnlyForDeploymentPostprocessing = 0;
		};
/* End PBXResourcesBuildPhase section */

/* Begin PBXSourcesBuildPhase section */
		61E9D3C1173ACB87007A5F55 /* Sources */ = {
			isa = PBXSourcesBuildPhase;
			buildActionMask = 2147483647;
			files = (
				61E9D3D5173ACB87007A5F55 /* main.m in Sources */,
				61E9D3D9173ACB87007A5F55 /* FasTAppDelegate.m in Sources */,
				61E9D738173AF8E9007A5F55 /* SocketIO.m in Sources */,
				61E9D739173AF8E9007A5F55 /* SocketIOJSONSerialization.m in Sources */,
				61E9D73A173AF8E9007A5F55 /* SocketIOPacket.m in Sources */,
				61E9D73B173AF8E9007A5F55 /* SocketIOTransportWebsocket.m in Sources */,
				61E9D73C173AF8E9007A5F55 /* SocketIOTransportXHR.m in Sources */,
				61E9D9A8173AF8EA007A5F55 /* base64.c in Sources */,
				61E9D9A9173AF8EA007A5F55 /* NSData+SRB64Additions.m in Sources */,
				61E9D9AA173AF8EA007A5F55 /* SRWebSocket.m in Sources */,
				61E9DA02173AF9C8007A5F55 /* FasTEvent.m in Sources */,
				61E9DA03173AF9C8007A5F55 /* FasTEventDate.m in Sources */,
				61E9DA04173AF9C8007A5F55 /* FasTFormatter.m in Sources */,
				61E9DA06173AF9C8007A5F55 /* FasTOrder.m in Sources */,
				61E9DA07173AF9C8007A5F55 /* FasTSeat.m in Sources */,
				61E9DA08173AF9C8007A5F55 /* FasTSeatingView.m in Sources */,
				61E9DA09173AF9C8007A5F55 /* FasTSeatView.m in Sources */,
				61E9DA0A173AF9C8007A5F55 /* FasTTicketPrinter.m in Sources */,
				61E9DA0B173AF9C8007A5F55 /* FasTTicketType.m in Sources */,
				61E9DA3E173C5E01007A5F55 /* FasTApi.m in Sources */,
				61E9DA57173C5E1A007A5F55 /* NSAlert+MKNetworkKitAdditions.m in Sources */,
				61E9DA58173C5E1A007A5F55 /* NSData+MKBase64.m in Sources */,
				61E9DA59173C5E1A007A5F55 /* NSDate+RFC1123.m in Sources */,
				61E9DA5A173C5E1A007A5F55 /* NSDictionary+RequestEncoding.m in Sources */,
				61E9DA5B173C5E1A007A5F55 /* NSString+MKNetworkKitAdditions.m in Sources */,
				61E9DA5C173C5E1A007A5F55 /* UIAlertView+MKNetworkKitAdditions.m in Sources */,
				61E9DA5D173C5E1A007A5F55 /* UIImageView+MKNetworkKitAdditions.m in Sources */,
				61E9DA5E173C5E1A007A5F55 /* MKNetworkEngine.m in Sources */,
				61E9DA5F173C5E1A007A5F55 /* MKNetworkOperation.m in Sources */,
				61E9DA60173C5E1A007A5F55 /* Reachability.m in Sources */,
				6174FA35173C64A10005371F /* FasTOrdersTableViewController.m in Sources */,
				6174FA3B173C6A660005371F /* FasTTicket.m in Sources */,
				6174FA3E173C7AF00005371F /* FasTOrdersTableCell.m in Sources */,
				61184942173D9498000EEE69 /* FasTOrderViewController.m in Sources */,
				6175CBE11743D5BD0095B806 /* FasTBarcode3of9.m in Sources */,
				6175CBE41743E5010095B806 /* FasTSettingsTableViewController.m in Sources */,
				6175CBE71743E7C40095B806 /* FasTPrintersTableViewController.m in Sources */,
				6175CBEA174413AC0095B806 /* FasTConstants.m in Sources */,
			);
			runOnlyForDeploymentPostprocessing = 0;
		};
/* End PBXSourcesBuildPhase section */

/* Begin PBXVariantGroup section */
		6174FA45173D6D950005371F /* Localizable.strings */ = {
			isa = PBXVariantGroup;
			children = (
				6174FA44173D6D950005371F /* de */,
			);
			name = Localizable.strings;
			sourceTree = "<group>";
		};
		61E9D3D1173ACB87007A5F55 /* InfoPlist.strings */ = {
			isa = PBXVariantGroup;
			children = (
				61E9D3E5173ACC27007A5F55 /* de */,
			);
			name = InfoPlist.strings;
			sourceTree = "<group>";
		};
/* End PBXVariantGroup section */

/* Begin XCBuildConfiguration section */
		61E9D3E0173ACB87007A5F55 /* Debug */ = {
			isa = XCBuildConfiguration;
			buildSettings = {
				ALWAYS_SEARCH_USER_PATHS = NO;
				CLANG_CXX_LANGUAGE_STANDARD = "gnu++0x";
				CLANG_CXX_LIBRARY = "libc++";
				CLANG_WARN_CONSTANT_CONVERSION = YES;
				CLANG_WARN_EMPTY_BODY = YES;
				CLANG_WARN_ENUM_CONVERSION = YES;
				CLANG_WARN_INT_CONVERSION = YES;
				CLANG_WARN__DUPLICATE_METHOD_MATCH = YES;
				"CODE_SIGN_IDENTITY[sdk=iphoneos*]" = "iPhone Developer";
				COPY_PHASE_STRIP = NO;
				GCC_C_LANGUAGE_STANDARD = gnu99;
				GCC_DYNAMIC_NO_PIC = NO;
				GCC_OPTIMIZATION_LEVEL = 0;
				GCC_PREPROCESSOR_DEFINITIONS = (
					"DEBUG=1",
					"$(inherited)",
				);
				GCC_SYMBOLS_PRIVATE_EXTERN = NO;
				GCC_WARN_ABOUT_RETURN_TYPE = YES;
				GCC_WARN_UNINITIALIZED_AUTOS = YES;
				GCC_WARN_UNUSED_VARIABLE = YES;
				IPHONEOS_DEPLOYMENT_TARGET = 6.1;
				ONLY_ACTIVE_ARCH = YES;
				OTHER_LDFLAGS = "-force_flat_namespace";
				SDKROOT = iphoneos;
			};
			name = Debug;
		};
		61E9D3E1173ACB87007A5F55 /* Release */ = {
			isa = XCBuildConfiguration;
			buildSettings = {
				ALWAYS_SEARCH_USER_PATHS = NO;
				CLANG_CXX_LANGUAGE_STANDARD = "gnu++0x";
				CLANG_CXX_LIBRARY = "libc++";
				CLANG_WARN_CONSTANT_CONVERSION = YES;
				CLANG_WARN_EMPTY_BODY = YES;
				CLANG_WARN_ENUM_CONVERSION = YES;
				CLANG_WARN_INT_CONVERSION = YES;
				CLANG_WARN__DUPLICATE_METHOD_MATCH = YES;
				"CODE_SIGN_IDENTITY[sdk=iphoneos*]" = "iPhone Developer";
				COPY_PHASE_STRIP = YES;
				GCC_C_LANGUAGE_STANDARD = gnu99;
				GCC_WARN_ABOUT_RETURN_TYPE = YES;
				GCC_WARN_UNINITIALIZED_AUTOS = YES;
				GCC_WARN_UNUSED_VARIABLE = YES;
				IPHONEOS_DEPLOYMENT_TARGET = 6.1;
				OTHER_CFLAGS = "-DNS_BLOCK_ASSERTIONS=1";
				OTHER_LDFLAGS = "-force_flat_namespace";
				SDKROOT = iphoneos;
				VALIDATE_PRODUCT = YES;
			};
			name = Release;
		};
		61E9D3E3173ACB87007A5F55 /* Debug */ = {
			isa = XCBuildConfiguration;
			buildSettings = {
				FRAMEWORK_SEARCH_PATHS = "";
				GCC_PRECOMPILE_PREFIX_HEADER = YES;
				GCC_PREFIX_HEADER = "FasT-retail-checkout/FasT-retail-checkout-Prefix.pch";
				INFOPLIST_FILE = "FasT-retail-checkout/FasT-retail-checkout-Info.plist";
				PRODUCT_NAME = "FasT-retail-checkout";
				WRAPPER_EXTENSION = app;
			};
			name = Debug;
		};
		61E9D3E4173ACB87007A5F55 /* Release */ = {
			isa = XCBuildConfiguration;
			buildSettings = {
				FRAMEWORK_SEARCH_PATHS = "";
				GCC_PRECOMPILE_PREFIX_HEADER = YES;
				GCC_PREFIX_HEADER = "FasT-retail-checkout/FasT-retail-checkout-Prefix.pch";
				INFOPLIST_FILE = "FasT-retail-checkout/FasT-retail-checkout-Info.plist";
				PRODUCT_NAME = "FasT-retail-checkout";
				WRAPPER_EXTENSION = app;
			};
			name = Release;
		};
/* End XCBuildConfiguration section */

/* Begin XCConfigurationList section */
		61E9D3C0173ACB87007A5F55 /* Build configuration list for PBXProject "FasT-retail-checkout" */ = {
			isa = XCConfigurationList;
			buildConfigurations = (
				61E9D3E0173ACB87007A5F55 /* Debug */,
				61E9D3E1173ACB87007A5F55 /* Release */,
			);
			defaultConfigurationIsVisible = 0;
			defaultConfigurationName = Release;
		};
		61E9D3E2173ACB87007A5F55 /* Build configuration list for PBXNativeTarget "FasT-retail-checkout" */ = {
			isa = XCConfigurationList;
			buildConfigurations = (
				61E9D3E3173ACB87007A5F55 /* Debug */,
				61E9D3E4173ACB87007A5F55 /* Release */,
			);
			defaultConfigurationIsVisible = 0;
			defaultConfigurationName = Release;
		};
/* End XCConfigurationList section */
	};
	rootObject = 61E9D3BD173ACB87007A5F55 /* Project object */;
}
